
Microsoft Visual Studio Solution File, Format Version 12.00
# Visual Studio Version 16
VisualStudioVersion = 16.0.30503.244
MinimumVisualStudioVersion = 10.0.40219.1
Project("{FAE04EC0-301F-11D3-BF4B-00C04F79EFBC}") = "LR1", "LR1\LR1.csproj", "{F038F40B-9F8D-42E4-86D5-376AD6CAEECA}"
EndProject
Global
	GlobalSection(SolutionConfigurationPlatforms) = preSolution
		Debug|Any CPU = Debug|Any CPU
		Release|Any CPU = Release|Any CPU
	EndGlobalSection
	GlobalSection(ProjectConfigurationPlatforms) = postSolution
		{F038F40B-9F8D-42E4-86D5-376AD6CAEECA}.Debug|Any CPU.ActiveCfg = Debug|Any CPU
		{F038F40B-9F8D-42E4-86D5-376AD6CAEECA}.Debug|Any CPU.Build.0 = Debug|Any CPU
		{F038F40B-9F8D-42E4-86D5-376AD6CAEECA}.Release|Any CPU.ActiveCfg = Release|Any CPU
		{F038F40B-9F8D-42E4-86D5-376AD6CAEECA}.Release|Any CPU.Build.0 = Release|Any CPU
	EndGlobalSection
	GlobalSection(SolutionProperties) = preSolution
		HideSolutionNode = FALSE
	EndGlobalSection
	GlobalSection(ExtensibilityGlobals) = postSolution
		SolutionGuid = {A6932D55-F233-412B-9200-07423788C29F}
	EndGlobalSection
EndGlobal
